
Microsoft Visual Studio Solution File, Format Version 12.00
# Visual Studio for Mac
Project("{FAE04EC0-301F-11D3-BF4B-00C04F79EFBC}") = "Running Out of Space", "Assembly-CSharp.csproj", "{EC7E797A-1719-B36C-6D11-6C9F21A88040}"
EndProject
Global
	GlobalSection(SolutionConfigurationPlatforms) = preSolution
		Debug|Any CPU = Debug|Any CPU
		Release|Any CPU = Release|Any CPU
	EndGlobalSection
	GlobalSection(ProjectConfigurationPlatforms) = postSolution
		{EC7E797A-1719-B36C-6D11-6C9F21A88040}.Debug|Any CPU.ActiveCfg = Debug|Any CPU
		{EC7E797A-1719-B36C-6D11-6C9F21A88040}.Debug|Any CPU.Build.0 = Debug|Any CPU
		{EC7E797A-1719-B36C-6D11-6C9F21A88040}.Release|Any CPU.ActiveCfg = Release|Any CPU
		{EC7E797A-1719-B36C-6D11-6C9F21A88040}.Release|Any CPU.Build.0 = Release|Any CPU
	EndGlobalSection
	GlobalSection(SolutionProperties) = preSolution
		HideSolutionNode = FALSE
	EndGlobalSection
EndGlobal
